
Microsoft Visual Studio Solution File, Format Version 12.00
# Visual Studio Version 17
VisualStudioVersion = 17.12.35527.113 d17.12
MinimumVisualStudioVersion = 10.0.40219.1
Project("{FAE04EC0-301F-11D3-BF4B-00C04F79EFBC}") = "Gateway", "Gateway\Gateway.csproj", "{6BD8954C-4207-4F43-B0E5-95308BC1B17E}"
EndProject
Global
	GlobalSection(SolutionConfigurationPlatforms) = preSolution
		Debug|Any CPU = Debug|Any CPU
		Release|Any CPU = Release|Any CPU
	EndGlobalSection
	GlobalSection(ProjectConfigurationPlatforms) = postSolution
		{6BD8954C-4207-4F43-B0E5-95308BC1B17E}.Debug|Any CPU.ActiveCfg = Debug|Any CPU
		{6BD8954C-4207-4F43-B0E5-95308BC1B17E}.Debug|Any CPU.Build.0 = Debug|Any CPU
		{6BD8954C-4207-4F43-B0E5-95308BC1B17E}.Release|Any CPU.ActiveCfg = Release|Any CPU
		{6BD8954C-4207-4F43-B0E5-95308BC1B17E}.Release|Any CPU.Build.0 = Release|Any CPU
	EndGlobalSection
	GlobalSection(SolutionProperties) = preSolution
		HideSolutionNode = FALSE
	EndGlobalSection
EndGlobal
